
Microsoft Visual Studio Solution File, Format Version 12.00
# Visual Studio 15
VisualStudioVersion = 15.0.28307.329
MinimumVisualStudioVersion = 10.0.40219.1
Project("{FAE04EC0-301F-11D3-BF4B-00C04F79EFBC}") = "PrintMedian", "PrintMedian\PrintMedian.csproj", "{2D57CDAF-9655-4013-A111-8864854F38D5}"
EndProject
Project("{FAE04EC0-301F-11D3-BF4B-00C04F79EFBC}") = "PrintMedianUnitTests", "PrintMedianUnitTests\PrintMedianUnitTests.csproj", "{6D6899A4-B69F-4CD1-8986-6361E06ED5E2}"
EndProject
Global
	GlobalSection(SolutionConfigurationPlatforms) = preSolution
		Debug|Any CPU = Debug|Any CPU
		Release|Any CPU = Release|Any CPU
	EndGlobalSection
	GlobalSection(ProjectConfigurationPlatforms) = postSolution
		{2D57CDAF-9655-4013-A111-8864854F38D5}.Debug|Any CPU.ActiveCfg = Debug|Any CPU
		{2D57CDAF-9655-4013-A111-8864854F38D5}.Debug|Any CPU.Build.0 = Debug|Any CPU
		{2D57CDAF-9655-4013-A111-8864854F38D5}.Release|Any CPU.ActiveCfg = Release|Any CPU
		{2D57CDAF-9655-4013-A111-8864854F38D5}.Release|Any CPU.Build.0 = Release|Any CPU
		{6D6899A4-B69F-4CD1-8986-6361E06ED5E2}.Debug|Any CPU.ActiveCfg = Debug|Any CPU
		{6D6899A4-B69F-4CD1-8986-6361E06ED5E2}.Debug|Any CPU.Build.0 = Debug|Any CPU
		{6D6899A4-B69F-4CD1-8986-6361E06ED5E2}.Release|Any CPU.ActiveCfg = Release|Any CPU
		{6D6899A4-B69F-4CD1-8986-6361E06ED5E2}.Release|Any CPU.Build.0 = Release|Any CPU
	EndGlobalSection
	GlobalSection(SolutionProperties) = preSolution
		HideSolutionNode = FALSE
	EndGlobalSection
	GlobalSection(ExtensibilityGlobals) = postSolution
		SolutionGuid = {D2B3362B-E916-47A1-8AFB-F4588F222DFE}
	EndGlobalSection
EndGlobal
